// !$*UTF8*$!
{
	archiveVersion = 1;
	classes = {
	};
	objectVersion = 56;
	objects = {

/* Begin PBXBuildFile section */
		5CA8A1DC2DD5E50800C34591 /* AppDelegate.swift in Sources */ = {isa = PBXBuildFile; fileRef = 5CA8A1DB2DD5E50800C34591 /* AppDelegate.swift */; };
		5CA8A1DE2DD5E50800C34591 /* SceneDelegate.swift in Sources */ = {isa = PBXBuildFile; fileRef = 5CA8A1DD2DD5E50800C34591 /* SceneDelegate.swift */; };
		5CA8A1E02DD5E50800C34591 /* ViewController.swift in Sources */ = {isa = PBXBuildFile; fileRef = 5CA8A1DF2DD5E50800C34591 /* ViewController.swift */; };
		5CA8A1E32DD5E50800C34591 /* Base in Resources */ = {isa = PBXBuildFile; fileRef = 5CA8A1E22DD5E50800C34591 /* Base */; };
		5CA8A1E52DD5E50900C34591 /* Assets.xcassets in Resources */ = {isa = PBXBuildFile; fileRef = 5CA8A1E42DD5E50900C34591 /* Assets.xcassets */; };
		5CA8A1E82DD5E50900C34591 /* Base in Resources */ = {isa = PBXBuildFile; fileRef = 5CA8A1E72DD5E50900C34591 /* Base */; };
		5CF95CEF2DD7291E00FA4DD1 /* StoreModel.swift in Sources */ = {isa = PBXBuildFile; fileRef = 5CF95CEE2DD7291E00FA4DD1 /* StoreModel.swift */; };
		5CF95CF12DD7294000FA4DD1 /* GenericResponse.swift in Sources */ = {isa = PBXBuildFile; fileRef = 5CF95CF02DD7294000FA4DD1 /* GenericResponse.swift */; };
		5CF95CF32DD7297200FA4DD1 /* NetworkManager.swift in Sources */ = {isa = PBXBuildFile; fileRef = 5CF95CF22DD7297200FA4DD1 /* NetworkManager.swift */; };
		5CF95CF52DD7299200FA4DD1 /* StoreService.swift in Sources */ = {isa = PBXBuildFile; fileRef = 5CF95CF42DD7299200FA4DD1 /* StoreService.swift */; };
		5CF95CF72DD72B7400FA4DD1 /* BusinessTypeModel.swift in Sources */ = {isa = PBXBuildFile; fileRef = 5CF95CF62DD72B7400FA4DD1 /* BusinessTypeModel.swift */; };
		5CF95CF92DD72C5F00FA4DD1 /* StoreAppleApi.swift in Sources */ = {isa = PBXBuildFile; fileRef = 5CF95CF82DD72C5F00FA4DD1 /* StoreAppleApi.swift */; };
		5CF95CFB2DD72C8A00FA4DD1 /* MoyaConfig.swift in Sources */ = {isa = PBXBuildFile; fileRef = 5CF95CFA2DD72C8A00FA4DD1 /* MoyaConfig.swift */; };
		FCF9446EAB3026BCA1514F53 /* Pods_shilai2.framework in Frameworks */ = {isa = PBXBuildFile; fileRef = 118CA16E2F369B807681DDDB /* Pods_shilai2.framework */; };
/* End PBXBuildFile section */

/* Begin PBXFileReference section */
		118CA16E2F369B807681DDDB /* Pods_shilai2.framework */ = {isa = PBXFileReference; explicitFileType = wrapper.framework; includeInIndex = 0; path = Pods_shilai2.framework; sourceTree = BUILT_PRODUCTS_DIR; };
		5CA8A1D82DD5E50800C34591 /* shilai2.app */ = {isa = PBXFileReference; explicitFileType = wrapper.application; includeInIndex = 0; path = shilai2.app; sourceTree = BUILT_PRODUCTS_DIR; };
		5CA8A1DB2DD5E50800C34591 /* AppDelegate.swift */ = {isa = PBXFileReference; lastKnownFileType = sourcecode.swift; path = AppDelegate.swift; sourceTree = "<group>"; };
		5CA8A1DD2DD5E50800C34591 /* SceneDelegate.swift */ = {isa = PBXFileReference; lastKnownFileType = sourcecode.swift; path = SceneDelegate.swift; sourceTree = "<group>"; };
		5CA8A1DF2DD5E50800C34591 /* ViewController.swift */ = {isa = PBXFileReference; lastKnownFileType = sourcecode.swift; path = ViewController.swift; sourceTree = "<group>"; };
		5CA8A1E22DD5E50800C34591 /* Base */ = {isa = PBXFileReference; lastKnownFileType = file.storyboard; name = Base; path = Base.lproj/Main.storyboard; sourceTree = "<group>"; };
		5CA8A1E42DD5E50900C34591 /* Assets.xcassets */ = {isa = PBXFileReference; lastKnownFileType = folder.assetcatalog; path = Assets.xcassets; sourceTree = "<group>"; };
		5CA8A1E72DD5E50900C34591 /* Base */ = {isa = PBXFileReference; lastKnownFileType = file.storyboard; name = Base; path = Base.lproj/LaunchScreen.storyboard; sourceTree = "<group>"; };
		5CA8A1E92DD5E50900C34591 /* Info.plist */ = {isa = PBXFileReference; lastKnownFileType = text.plist.xml; path = Info.plist; sourceTree = "<group>"; };
		5CF95CEE2DD7291E00FA4DD1 /* StoreModel.swift */ = {isa = PBXFileReference; fileEncoding = 4; lastKnownFileType = sourcecode.swift; path = StoreModel.swift; sourceTree = "<group>"; };
		5CF95CF02DD7294000FA4DD1 /* GenericResponse.swift */ = {isa = PBXFileReference; fileEncoding = 4; lastKnownFileType = sourcecode.swift; path = GenericResponse.swift; sourceTree = "<group>"; };
		5CF95CF22DD7297200FA4DD1 /* NetworkManager.swift */ = {isa = PBXFileReference; fileEncoding = 4; lastKnownFileType = sourcecode.swift; path = NetworkManager.swift; sourceTree = "<group>"; };
		5CF95CF42DD7299200FA4DD1 /* StoreService.swift */ = {isa = PBXFileReference; fileEncoding = 4; lastKnownFileType = sourcecode.swift; path = StoreService.swift; sourceTree = "<group>"; };
		5CF95CF62DD72B7400FA4DD1 /* BusinessTypeModel.swift */ = {isa = PBXFileReference; fileEncoding = 4; lastKnownFileType = sourcecode.swift; path = BusinessTypeModel.swift; sourceTree = "<group>"; };
		5CF95CF82DD72C5F00FA4DD1 /* StoreAppleApi.swift */ = {isa = PBXFileReference; fileEncoding = 4; lastKnownFileType = sourcecode.swift; path = StoreAppleApi.swift; sourceTree = "<group>"; };
		5CF95CFA2DD72C8A00FA4DD1 /* MoyaConfig.swift */ = {isa = PBXFileReference; fileEncoding = 4; lastKnownFileType = sourcecode.swift; path = MoyaConfig.swift; sourceTree = "<group>"; };
		5E0BE4DE8CA26FD325D979BE /* Pods-shilai2.debug.xcconfig */ = {isa = PBXFileReference; includeInIndex = 1; lastKnownFileType = text.xcconfig; name = "Pods-shilai2.debug.xcconfig"; path = "Target Support Files/Pods-shilai2/Pods-shilai2.debug.xcconfig"; sourceTree = "<group>"; };
		D5C2251ED149F989A725559F /* Pods-shilai2.release.xcconfig */ = {isa = PBXFileReference; includeInIndex = 1; lastKnownFileType = text.xcconfig; name = "Pods-shilai2.release.xcconfig"; path = "Target Support Files/Pods-shilai2/Pods-shilai2.release.xcconfig"; sourceTree = "<group>"; };
/* End PBXFileReference section */

/* Begin PBXFrameworksBuildPhase section */
		5CA8A1D52DD5E50800C34591 /* Frameworks */ = {
			isa = PBXFrameworksBuildPhase;
			buildActionMask = 2147483647;
			files = (
				FCF9446EAB3026BCA1514F53 /* Pods_shilai2.framework in Frameworks */,
			);
			runOnlyForDeploymentPostprocessing = 0;
		};
/* End PBXFrameworksBuildPhase section */

/* Begin PBXGroup section */
		5CA8A1CF2DD5E50800C34591 = {
			isa = PBXGroup;
			children = (
				5CA8A1DA2DD5E50800C34591 /* shilai2 */,
				5CA8A1D92DD5E50800C34591 /* Products */,
				A5104E4B9F10811B186092EB /* Pods */,
				C5AB0C154AAB294D0EF0E8D7 /* Frameworks */,
			);
			sourceTree = "<group>";
		};
		5CA8A1D92DD5E50800C34591 /* Products */ = {
			isa = PBXGroup;
			children = (
				5CA8A1D82DD5E50800C34591 /* shilai2.app */,
			);
			name = Products;
			sourceTree = "<group>";
		};
		5CA8A1DA2DD5E50800C34591 /* shilai2 */ = {
			isa = PBXGroup;
			children = (
				5CF95CE52DD7214F00FA4DD1 /* App */,
				5CF95CE42DD7213F00FA4DD1 /* Util */,
				5CA8A1DB2DD5E50800C34591 /* AppDelegate.swift */,
				5CA8A1DD2DD5E50800C34591 /* SceneDelegate.swift */,
				5CA8A1DF2DD5E50800C34591 /* ViewController.swift */,
				5CA8A1E12DD5E50800C34591 /* Main.storyboard */,
				5CA8A1E42DD5E50900C34591 /* Assets.xcassets */,
				5CA8A1E62DD5E50900C34591 /* LaunchScreen.storyboard */,
				5CA8A1E92DD5E50900C34591 /* Info.plist */,
			);
			path = shilai2;
			sourceTree = "<group>";
		};
		5CF95CE42DD7213F00FA4DD1 /* Util */ = {
			isa = PBXGroup;
			children = (
				5CF95CE92DD721B300FA4DD1 /* Lib */,
				5CF95CE82DD7217800FA4DD1 /* Extension */,
				5CF95CE72DD7216D00FA4DD1 /* Services */,
				5CF95CE62DD7215E00FA4DD1 /* Models */,
			);
			path = Util;
			sourceTree = "<group>";
		};
		5CF95CE52DD7214F00FA4DD1 /* App */ = {
			isa = PBXGroup;
			children = (
			);
			path = App;
			sourceTree = "<group>";
		};
		5CF95CE62DD7215E00FA4DD1 /* Models */ = {
			isa = PBXGroup;
			children = (
				5CF95CF62DD72B7400FA4DD1 /* BusinessTypeModel.swift */,
				5CF95CF02DD7294000FA4DD1 /* GenericResponse.swift */,
				5CF95CEE2DD7291E00FA4DD1 /* StoreModel.swift */,
			);
			path = Models;
			sourceTree = "<group>";
		};
		5CF95CE72DD7216D00FA4DD1 /* Services */ = {
			isa = PBXGroup;
			children = (
				5CF95CFA2DD72C8A00FA4DD1 /* MoyaConfig.swift */,
				5CF95CF82DD72C5F00FA4DD1 /* StoreAppleApi.swift */,
				5CF95CF42DD7299200FA4DD1 /* StoreService.swift */,
				5CF95CF22DD7297200FA4DD1 /* NetworkManager.swift */,
			);
			path = Services;
			sourceTree = "<group>";
		};
		5CF95CE82DD7217800FA4DD1 /* Extension */ = {
			isa = PBXGroup;
			children = (
			);
			path = Extension;
			sourceTree = "<group>";
		};
		5CF95CE92DD721B300FA4DD1 /* Lib */ = {
			isa = PBXGroup;
			children = (
			);
			path = Lib;
			sourceTree = "<group>";
		};
		A5104E4B9F10811B186092EB /* Pods */ = {
			isa = PBXGroup;
			children = (
				5E0BE4DE8CA26FD325D979BE /* Pods-shilai2.debug.xcconfig */,
				D5C2251ED149F989A725559F /* Pods-shilai2.release.xcconfig */,
			);
			path = Pods;
			sourceTree = "<group>";
		};
		C5AB0C154AAB294D0EF0E8D7 /* Frameworks */ = {
			isa = PBXGroup;
			children = (
				118CA16E2F369B807681DDDB /* Pods_shilai2.framework */,
			);
			name = Frameworks;
			sourceTree = "<group>";
		};
/* End PBXGroup section */

/* Begin PBXNativeTarget section */
		5CA8A1D72DD5E50800C34591 /* shilai2 */ = {
			isa = PBXNativeTarget;
			buildConfigurationList = 5CA8A1EC2DD5E50900C34591 /* Build configuration list for PBXNativeTarget "shilai2" */;
			buildPhases = (
				EAB09DD67783AAE61ADC7EE6 /* [CP] Check Pods Manifest.lock */,
				5CA8A1D42DD5E50800C34591 /* Sources */,
				5CA8A1D52DD5E50800C34591 /* Frameworks */,
				5CA8A1D62DD5E50800C34591 /* Resources */,
				3A073A747D575631A2BFFD94 /* [CP] Embed Pods Frameworks */,
			);
			buildRules = (
			);
			dependencies = (
			);
			name = shilai2;
			productName = shilai2;
			productReference = 5CA8A1D82DD5E50800C34591 /* shilai2.app */;
			productType = "com.apple.product-type.application";
		};
/* End PBXNativeTarget section */

/* Begin PBXProject section */
		5CA8A1D02DD5E50800C34591 /* Project object */ = {
			isa = PBXProject;
			attributes = {
				BuildIndependentTargetsInParallel = 1;
				LastSwiftUpdateCheck = 1530;
				LastUpgradeCheck = 1530;
				TargetAttributes = {
					5CA8A1D72DD5E50800C34591 = {
						CreatedOnToolsVersion = 15.3;
					};
				};
			};
			buildConfigurationList = 5CA8A1D32DD5E50800C34591 /* Build configuration list for PBXProject "shilai2" */;
			compatibilityVersion = "Xcode 14.0";
			developmentRegion = en;
			hasScannedForEncodings = 0;
			knownRegions = (
				en,
				Base,
			);
			mainGroup = 5CA8A1CF2DD5E50800C34591;
			productRefGroup = 5CA8A1D92DD5E50800C34591 /* Products */;
			projectDirPath = "";
			projectRoot = "";
			targets = (
				5CA8A1D72DD5E50800C34591 /* shilai2 */,
			);
		};
/* End PBXProject section */

/* Begin PBXResourcesBuildPhase section */
		5CA8A1D62DD5E50800C34591 /* Resources */ = {
			isa = PBXResourcesBuildPhase;
			buildActionMask = 2147483647;
			files = (
				5CA8A1E52DD5E50900C34591 /* Assets.xcassets in Resources */,
				5CA8A1E82DD5E50900C34591 /* Base in Resources */,
				5CA8A1E32DD5E50800C34591 /* Base in Resources */,
			);
			runOnlyForDeploymentPostprocessing = 0;
		};
/* End PBXResourcesBuildPhase section */

/* Begin PBXShellScriptBuildPhase section */
		3A073A747D575631A2BFFD94 /* [CP] Embed Pods Frameworks */ = {
			isa = PBXShellScriptBuildPhase;
			buildActionMask = 2147483647;
			files = (
			);
			inputFileListPaths = (
				"${PODS_ROOT}/Target Support Files/Pods-shilai2/Pods-shilai2-frameworks-${CONFIGURATION}-input-files.xcfilelist",
			);
			name = "[CP] Embed Pods Frameworks";
			outputFileListPaths = (
				"${PODS_ROOT}/Target Support Files/Pods-shilai2/Pods-shilai2-frameworks-${CONFIGURATION}-output-files.xcfilelist",
			);
			runOnlyForDeploymentPostprocessing = 0;
			shellPath = /bin/sh;
			shellScript = "\"${PODS_ROOT}/Target Support Files/Pods-shilai2/Pods-shilai2-frameworks.sh\"\n";
			showEnvVarsInLog = 0;
		};
		EAB09DD67783AAE61ADC7EE6 /* [CP] Check Pods Manifest.lock */ = {
			isa = PBXShellScriptBuildPhase;
			buildActionMask = 2147483647;
			files = (
			);
			inputFileListPaths = (
			);
			inputPaths = (
				"${PODS_PODFILE_DIR_PATH}/Podfile.lock",
				"${PODS_ROOT}/Manifest.lock",
			);
			name = "[CP] Check Pods Manifest.lock";
			outputFileListPaths = (
			);
			outputPaths = (
				"$(DERIVED_FILE_DIR)/Pods-shilai2-checkManifestLockResult.txt",
			);
			runOnlyForDeploymentPostprocessing = 0;
			shellPath = /bin/sh;
			shellScript = "diff \"${PODS_PODFILE_DIR_PATH}/Podfile.lock\" \"${PODS_ROOT}/Manifest.lock\" > /dev/null\nif [ $? != 0 ] ; then\n    # print error to STDERR\n    echo \"error: The sandbox is not in sync with the Podfile.lock. Run 'pod install' or update your CocoaPods installation.\" >&2\n    exit 1\nfi\n# This output is used by Xcode 'outputs' to avoid re-running this script phase.\necho \"SUCCESS\" > \"${SCRIPT_OUTPUT_FILE_0}\"\n";
			showEnvVarsInLog = 0;
		};
/* End PBXShellScriptBuildPhase section */

/* Begin PBXSourcesBuildPhase section */
		5CA8A1D42DD5E50800C34591 /* Sources */ = {
			isa = PBXSourcesBuildPhase;
			buildActionMask = 2147483647;
			files = (
				5CF95CF32DD7297200FA4DD1 /* NetworkManager.swift in Sources */,
				5CF95CF72DD72B7400FA4DD1 /* BusinessTypeModel.swift in Sources */,
				5CA8A1E02DD5E50800C34591 /* ViewController.swift in Sources */,
				5CA8A1DC2DD5E50800C34591 /* AppDelegate.swift in Sources */,
				5CA8A1DE2DD5E50800C34591 /* SceneDelegate.swift in Sources */,
				5CF95CFB2DD72C8A00FA4DD1 /* MoyaConfig.swift in Sources */,
				5CF95CEF2DD7291E00FA4DD1 /* StoreModel.swift in Sources */,
				5CF95CF52DD7299200FA4DD1 /* StoreService.swift in Sources */,
				5CF95CF92DD72C5F00FA4DD1 /* StoreAppleApi.swift in Sources */,
				5CF95CF12DD7294000FA4DD1 /* GenericResponse.swift in Sources */,
			);
			runOnlyForDeploymentPostprocessing = 0;
		};
/* End PBXSourcesBuildPhase section */

/* Begin PBXVariantGroup section */
		5CA8A1E12DD5E50800C34591 /* Main.storyboard */ = {
			isa = PBXVariantGroup;
			children = (
				5CA8A1E22DD5E50800C34591 /* Base */,
			);
			name = Main.storyboard;
			sourceTree = "<group>";
		};
		5CA8A1E62DD5E50900C34591 /* LaunchScreen.storyboard */ = {
			isa = PBXVariantGroup;
			children = (
				5CA8A1E72DD5E50900C34591 /* Base */,
			);
			name = LaunchScreen.storyboard;
			sourceTree = "<group>";
		};
/* End PBXVariantGroup section */

/* Begin XCBuildConfiguration section */
		5CA8A1EA2DD5E50900C34591 /* Debug */ = {
			isa = XCBuildConfiguration;
			buildSettings = {
				ALWAYS_SEARCH_USER_PATHS = NO;
				ASSETCATALOG_COMPILER_GENERATE_SWIFT_ASSET_SYMBOL_EXTENSIONS = YES;
				CLANG_ANALYZER_NONNULL = YES;
				CLANG_ANALYZER_NUMBER_OBJECT_CONVERSION = YES_AGGRESSIVE;
				CLANG_CXX_LANGUAGE_STANDARD = "gnu++20";
				CLANG_ENABLE_MODULES = YES;
				CLANG_ENABLE_OBJC_ARC = YES;
				CLANG_ENABLE_OBJC_WEAK = YES;
				CLANG_WARN_BLOCK_CAPTURE_AUTORELEASING = YES;
				CLANG_WARN_BOOL_CONVERSION = YES;
				CLANG_WARN_COMMA = YES;
				CLANG_WARN_CONSTANT_CONVERSION = YES;
				CLANG_WARN_DEPRECATED_OBJC_IMPLEMENTATIONS = YES;
				CLANG_WARN_DIRECT_OBJC_ISA_USAGE = YES_ERROR;
				CLANG_WARN_DOCUMENTATION_COMMENTS = YES;
				CLANG_WARN_EMPTY_BODY = YES;
				CLANG_WARN_ENUM_CONVERSION = YES;
				CLANG_WARN_INFINITE_RECURSION = YES;
				CLANG_WARN_INT_CONVERSION = YES;
				CLANG_WARN_NON_LITERAL_NULL_CONVERSION = YES;
				CLANG_WARN_OBJC_IMPLICIT_RETAIN_SELF = YES;
				CLANG_WARN_OBJC_LITERAL_CONVERSION = YES;
				CLANG_WARN_OBJC_ROOT_CLASS = YES_ERROR;
				CLANG_WARN_QUOTED_INCLUDE_IN_FRAMEWORK_HEADER = YES;
				CLANG_WARN_RANGE_LOOP_ANALYSIS = YES;
				CLANG_WARN_STRICT_PROTOTYPES = YES;
				CLANG_WARN_SUSPICIOUS_MOVE = YES;
				CLANG_WARN_UNGUARDED_AVAILABILITY = YES_AGGRESSIVE;
				CLANG_WARN_UNREACHABLE_CODE = YES;
				CLANG_WARN__DUPLICATE_METHOD_MATCH = YES;
				COPY_PHASE_STRIP = NO;
				DEBUG_INFORMATION_FORMAT = dwarf;
				ENABLE_STRICT_OBJC_MSGSEND = YES;
				ENABLE_TESTABILITY = YES;
				ENABLE_USER_SCRIPT_SANDBOXING = YES;
				GCC_C_LANGUAGE_STANDARD = gnu17;
				GCC_DYNAMIC_NO_PIC = NO;
				GCC_NO_COMMON_BLOCKS = YES;
				GCC_OPTIMIZATION_LEVEL = 0;
				GCC_PREPROCESSOR_DEFINITIONS = (
					"DEBUG=1",
					"$(inherited)",
				);
				GCC_WARN_64_TO_32_BIT_CONVERSION = YES;
				GCC_WARN_ABOUT_RETURN_TYPE = YES_ERROR;
				GCC_WARN_UNDECLARED_SELECTOR = YES;
				GCC_WARN_UNINITIALIZED_AUTOS = YES_AGGRESSIVE;
				GCC_WARN_UNUSED_FUNCTION = YES;
				GCC_WARN_UNUSED_VARIABLE = YES;
				IPHONEOS_DEPLOYMENT_TARGET = 17.4;
				LOCALIZATION_PREFERS_STRING_CATALOGS = YES;
				MTL_ENABLE_DEBUG_INFO = INCLUDE_SOURCE;
				MTL_FAST_MATH = YES;
				ONLY_ACTIVE_ARCH = YES;
				SDKROOT = iphoneos;
				SWIFT_ACTIVE_COMPILATION_CONDITIONS = "DEBUG $(inherited)";
				SWIFT_OPTIMIZATION_LEVEL = "-Onone";
			};
			name = Debug;
		};
		5CA8A1EB2DD5E50900C34591 /* Release */ = {
			isa = XCBuildConfiguration;
			buildSettings = {
				ALWAYS_SEARCH_USER_PATHS = NO;
				ASSETCATALOG_COMPILER_GENERATE_SWIFT_ASSET_SYMBOL_EXTENSIONS = YES;
				CLANG_ANALYZER_NONNULL = YES;
				CLANG_ANALYZER_NUMBER_OBJECT_CONVERSION = YES_AGGRESSIVE;
				CLANG_CXX_LANGUAGE_STANDARD = "gnu++20";
				CLANG_ENABLE_MODULES = YES;
				CLANG_ENABLE_OBJC_ARC = YES;
				CLANG_ENABLE_OBJC_WEAK = YES;
				CLANG_WARN_BLOCK_CAPTURE_AUTORELEASING = YES;
				CLANG_WARN_BOOL_CONVERSION = YES;
				CLANG_WARN_COMMA = YES;
				CLANG_WARN_CONSTANT_CONVERSION = YES;
				CLANG_WARN_DEPRECATED_OBJC_IMPLEMENTATIONS = YES;
				CLANG_WARN_DIRECT_OBJC_ISA_USAGE = YES_ERROR;
				CLANG_WARN_DOCUMENTATION_COMMENTS = YES;
				CLANG_WARN_EMPTY_BODY = YES;
				CLANG_WARN_ENUM_CONVERSION = YES;
				CLANG_WARN_INFINITE_RECURSION = YES;
				CLANG_WARN_INT_CONVERSION = YES;
				CLANG_WARN_NON_LITERAL_NULL_CONVERSION = YES;
				CLANG_WARN_OBJC_IMPLICIT_RETAIN_SELF = YES;
				CLANG_WARN_OBJC_LITERAL_CONVERSION = YES;
				CLANG_WARN_OBJC_ROOT_CLASS = YES_ERROR;
				CLANG_WARN_QUOTED_INCLUDE_IN_FRAMEWORK_HEADER = YES;
				CLANG_WARN_RANGE_LOOP_ANALYSIS = YES;
				CLANG_WARN_STRICT_PROTOTYPES = YES;
				CLANG_WARN_SUSPICIOUS_MOVE = YES;
				CLANG_WARN_UNGUARDED_AVAILABILITY = YES_AGGRESSIVE;
				CLANG_WARN_UNREACHABLE_CODE = YES;
				CLANG_WARN__DUPLICATE_METHOD_MATCH = YES;
				COPY_PHASE_STRIP = NO;
				DEBUG_INFORMATION_FORMAT = "dwarf-with-dsym";
				ENABLE_NS_ASSERTIONS = NO;
				ENABLE_STRICT_OBJC_MSGSEND = YES;
				ENABLE_USER_SCRIPT_SANDBOXING = YES;
				GCC_C_LANGUAGE_STANDARD = gnu17;
				GCC_NO_COMMON_BLOCKS = YES;
				GCC_WARN_64_TO_32_BIT_CONVERSION = YES;
				GCC_WARN_ABOUT_RETURN_TYPE = YES_ERROR;
				GCC_WARN_UNDECLARED_SELECTOR = YES;
				GCC_WARN_UNINITIALIZED_AUTOS = YES_AGGRESSIVE;
				GCC_WARN_UNUSED_FUNCTION = YES;
				GCC_WARN_UNUSED_VARIABLE = YES;
				IPHONEOS_DEPLOYMENT_TARGET = 17.4;
				LOCALIZATION_PREFERS_STRING_CATALOGS = YES;
				MTL_ENABLE_DEBUG_INFO = NO;
				MTL_FAST_MATH = YES;
				SDKROOT = iphoneos;
				SWIFT_COMPILATION_MODE = wholemodule;
				VALIDATE_PRODUCT = YES;
			};
			name = Release;
		};
		5CA8A1ED2DD5E50900C34591 /* Debug */ = {
			isa = XCBuildConfiguration;
			baseConfigurationReference = 5E0BE4DE8CA26FD325D979BE /* Pods-shilai2.debug.xcconfig */;
			buildSettings = {
				ASSETCATALOG_COMPILER_APPICON_NAME = AppIcon;
				ASSETCATALOG_COMPILER_GLOBAL_ACCENT_COLOR_NAME = AccentColor;
				CODE_SIGN_STYLE = Automatic;
				CURRENT_PROJECT_VERSION = 1;
				DEVELOPMENT_TEAM = 3N45FRA2HJ;
				GENERATE_INFOPLIST_FILE = YES;
				INFOPLIST_FILE = shilai2/Info.plist;
				INFOPLIST_KEY_UIApplicationSupportsIndirectInputEvents = YES;
				INFOPLIST_KEY_UILaunchStoryboardName = LaunchScreen;
				INFOPLIST_KEY_UIMainStoryboardFile = Main;
				INFOPLIST_KEY_UISupportedInterfaceOrientations_iPad = "UIInterfaceOrientationPortrait UIInterfaceOrientationPortraitUpsideDown UIInterfaceOrientationLandscapeLeft UIInterfaceOrientationLandscapeRight";
				INFOPLIST_KEY_UISupportedInterfaceOrientations_iPhone = "UIInterfaceOrientationPortrait UIInterfaceOrientationLandscapeLeft UIInterfaceOrientationLandscapeRight";
				IPHONEOS_DEPLOYMENT_TARGET = 13.0;
				LD_RUNPATH_SEARCH_PATHS = (
					"$(inherited)",
					"@executable_path/Frameworks",
				);
				MARKETING_VERSION = 1.0;
				PRODUCT_BUNDLE_IDENTIFIER = yangbing.shilai2;
				PRODUCT_NAME = "$(TARGET_NAME)";
				SUPPORTED_PLATFORMS = "iphoneos iphonesimulator";
				SUPPORTS_MACCATALYST = NO;
				SUPPORTS_MAC_DESIGNED_FOR_IPHONE_IPAD = NO;
				SUPPORTS_XR_DESIGNED_FOR_IPHONE_IPAD = NO;
				SWIFT_EMIT_LOC_STRINGS = YES;
				SWIFT_VERSION = 5.0;
				TARGETED_DEVICE_FAMILY = 1;
			};
			name = Debug;
		};
		5CA8A1EE2DD5E50900C34591 /* Release */ = {
			isa = XCBuildConfiguration;
			baseConfigurationReference = D5C2251ED149F989A725559F /* Pods-shilai2.release.xcconfig */;
			buildSettings = {
				ASSETCATALOG_COMPILER_APPICON_NAME = AppIcon;
				ASSETCATALOG_COMPILER_GLOBAL_ACCENT_COLOR_NAME = AccentColor;
				CODE_SIGN_STYLE = Automatic;
				CURRENT_PROJECT_VERSION = 1;
				DEVELOPMENT_TEAM = 3N45FRA2HJ;
				GENERATE_INFOPLIST_FILE = YES;
				INFOPLIST_FILE = shilai2/Info.plist;
				INFOPLIST_KEY_UIApplicationSupportsIndirectInputEvents = YES;
				INFOPLIST_KEY_UILaunchStoryboardName = LaunchScreen;
				INFOPLIST_KEY_UIMainStoryboardFile = Main;
				INFOPLIST_KEY_UISupportedInterfaceOrientations_iPad = "UIInterfaceOrientationPortrait UIInterfaceOrientationPortraitUpsideDown UIInterfaceOrientationLandscapeLeft UIInterfaceOrientationLandscapeRight";
				INFOPLIST_KEY_UISupportedInterfaceOrientations_iPhone = "UIInterfaceOrientationPortrait UIInterfaceOrientationLandscapeLeft UIInterfaceOrientationLandscapeRight";
				IPHONEOS_DEPLOYMENT_TARGET = 13.0;
				LD_RUNPATH_SEARCH_PATHS = (
					"$(inherited)",
					"@executable_path/Frameworks",
				);
				MARKETING_VERSION = 1.0;
				PRODUCT_BUNDLE_IDENTIFIER = yangbing.shilai2;
				PRODUCT_NAME = "$(TARGET_NAME)";
				SUPPORTED_PLATFORMS = "iphoneos iphonesimulator";
				SUPPORTS_MACCATALYST = NO;
				SUPPORTS_MAC_DESIGNED_FOR_IPHONE_IPAD = NO;
				SUPPORTS_XR_DESIGNED_FOR_IPHONE_IPAD = NO;
				SWIFT_EMIT_LOC_STRINGS = YES;
				SWIFT_VERSION = 5.0;
				TARGETED_DEVICE_FAMILY = 1;
			};
			name = Release;
		};
/* End XCBuildConfiguration section */

/* Begin XCConfigurationList section */
		5CA8A1D32DD5E50800C34591 /* Build configuration list for PBXProject "shilai2" */ = {
			isa = XCConfigurationList;
			buildConfigurations = (
				5CA8A1EA2DD5E50900C34591 /* Debug */,
				5CA8A1EB2DD5E50900C34591 /* Release */,
			);
			defaultConfigurationIsVisible = 0;
			defaultConfigurationName = Release;
		};
		5CA8A1EC2DD5E50900C34591 /* Build configuration list for PBXNativeTarget "shilai2" */ = {
			isa = XCConfigurationList;
			buildConfigurations = (
				5CA8A1ED2DD5E50900C34591 /* Debug */,
				5CA8A1EE2DD5E50900C34591 /* Release */,
			);
			defaultConfigurationIsVisible = 0;
			defaultConfigurationName = Release;
		};
/* End XCConfigurationList section */
	};
	rootObject = 5CA8A1D02DD5E50800C34591 /* Project object */;
}
